
Microsoft Visual Studio Solution File, Format Version 12.00
# Visual Studio 15
VisualStudioVersion = 15.0.27130.2024
MinimumVisualStudioVersion = 10.0.40219.1
Project("{FAE04EC0-301F-11D3-BF4B-00C04F79EFBC}") = "Ion", "Ion\Ion.csproj", "{BA61BB2C-A575-46AF-BFE1-774EFED00BE4}"
EndProject
Global
	GlobalSection(SolutionConfigurationPlatforms) = preSolution
		Debug|Any CPU = Debug|Any CPU
		Release|Any CPU = Release|Any CPU
	EndGlobalSection
	GlobalSection(ProjectConfigurationPlatforms) = postSolution
		{BA61BB2C-A575-46AF-BFE1-774EFED00BE4}.Debug|Any CPU.ActiveCfg = Debug|Any CPU
		{BA61BB2C-A575-46AF-BFE1-774EFED00BE4}.Debug|Any CPU.Build.0 = Debug|Any CPU
		{BA61BB2C-A575-46AF-BFE1-774EFED00BE4}.Release|Any CPU.ActiveCfg = Release|Any CPU
		{BA61BB2C-A575-46AF-BFE1-774EFED00BE4}.Release|Any CPU.Build.0 = Release|Any CPU
	EndGlobalSection
	GlobalSection(SolutionProperties) = preSolution
		HideSolutionNode = FALSE
	EndGlobalSection
	GlobalSection(ExtensibilityGlobals) = postSolution
		SolutionGuid = {5FE9B5F0-1822-45DF-8273-CC7F58004DB7}
	EndGlobalSection
EndGlobal
